
Microsoft Visual Studio Solution File, Format Version 12.00
# Visual Studio Version 17
VisualStudioVersion = 17.4.33110.190
MinimumVisualStudioVersion = 10.0.40219.1
Project("{9A19103F-16F7-4668-BE54-9A1E7A4F7556}") = "BackendPermissions.DataAccess", "BackendPermissions.DataAccess\BackendPermissions.DataAccess.csproj", "{C80D6361-975A-40C1-83BE-EC9DAD149FA3}"
EndProject
Project("{9A19103F-16F7-4668-BE54-9A1E7A4F7556}") = "BackendPermissions.Api", "BackendPermissions.Api\BackendPermissions.Api.csproj", "{873F5E07-15E8-47B0-9C1B-985B76A18CC0}"
EndProject
Project("{9A19103F-16F7-4668-BE54-9A1E7A4F7556}") = "BackendPermissions.Application", "BackendPermissions.Application\BackendPermissions.Application.csproj", "{1E188DAF-FC13-4D6C-B689-5940BD79FBAA}"
EndProject
Project("{9A19103F-16F7-4668-BE54-9A1E7A4F7556}") = "BackendPermissions.Common", "BackendPermissions.Common\BackendPermissions.Common.csproj", "{9B1145E1-9B31-499A-9EB6-2958714E3D5E}"
EndProject
Project("{2150E333-8FDC-42A3-9474-1A3956D46DE8}") = "Kafka", "Kafka", "{833FC5E6-6DDC-43A6-8F02-7C527CD8B244}"
EndProject
Project("{9A19103F-16F7-4668-BE54-9A1E7A4F7556}") = "BackendPermissions.ProducerService", "BackendPermissions.ProducerService\BackendPermissions.ProducerService.csproj", "{32ECB936-8AAD-4364-B30A-05E2071E44F7}"
EndProject
Project("{9A19103F-16F7-4668-BE54-9A1E7A4F7556}") = "BackendPermissions.ConsumerService", "BackendPermissions.ConsumerService\BackendPermissions.ConsumerService.csproj", "{B57E1D98-1C68-4C69-BC1A-F250BE8801F9}"
EndProject
Project("{2150E333-8FDC-42A3-9474-1A3956D46DE8}") = "Testing", "Testing", "{C754C90E-0235-4FCC-A25C-9D3A844DF3CB}"
EndProject
Project("{FAE04EC0-301F-11D3-BF4B-00C04F79EFBC}") = "BackendPermissions.Api.UnitTest", "BackendPermissions.Api.Test\BackendPermissions.Api.UnitTest.csproj", "{16B0EAEE-69D7-452B-92BC-8785EF375E50}"
EndProject
Project("{2150E333-8FDC-42A3-9474-1A3956D46DE8}") = "ScriptsBD", "ScriptsBD", "{D8408775-7E4F-4092-89B1-8CCE467194E5}"
	ProjectSection(SolutionItems) = preProject
		..\ScriptsBD\1_Create_BD_and_tables.sql = ..\ScriptsBD\1_Create_BD_and_tables.sql
		..\ScriptsBD\2_Script_insert_data.sql = ..\ScriptsBD\2_Script_insert_data.sql
	EndProjectSection
EndProject
Global
	GlobalSection(SolutionConfigurationPlatforms) = preSolution
		Debug|Any CPU = Debug|Any CPU
		Release|Any CPU = Release|Any CPU
	EndGlobalSection
	GlobalSection(ProjectConfigurationPlatforms) = postSolution
		{C80D6361-975A-40C1-83BE-EC9DAD149FA3}.Debug|Any CPU.ActiveCfg = Debug|Any CPU
		{C80D6361-975A-40C1-83BE-EC9DAD149FA3}.Debug|Any CPU.Build.0 = Debug|Any CPU
		{C80D6361-975A-40C1-83BE-EC9DAD149FA3}.Release|Any CPU.ActiveCfg = Release|Any CPU
		{C80D6361-975A-40C1-83BE-EC9DAD149FA3}.Release|Any CPU.Build.0 = Release|Any CPU
		{873F5E07-15E8-47B0-9C1B-985B76A18CC0}.Debug|Any CPU.ActiveCfg = Debug|Any CPU
		{873F5E07-15E8-47B0-9C1B-985B76A18CC0}.Debug|Any CPU.Build.0 = Debug|Any CPU
		{873F5E07-15E8-47B0-9C1B-985B76A18CC0}.Release|Any CPU.ActiveCfg = Release|Any CPU
		{873F5E07-15E8-47B0-9C1B-985B76A18CC0}.Release|Any CPU.Build.0 = Release|Any CPU
		{1E188DAF-FC13-4D6C-B689-5940BD79FBAA}.Debug|Any CPU.ActiveCfg = Debug|Any CPU
		{1E188DAF-FC13-4D6C-B689-5940BD79FBAA}.Debug|Any CPU.Build.0 = Debug|Any CPU
		{1E188DAF-FC13-4D6C-B689-5940BD79FBAA}.Release|Any CPU.ActiveCfg = Release|Any CPU
		{1E188DAF-FC13-4D6C-B689-5940BD79FBAA}.Release|Any CPU.Build.0 = Release|Any CPU
		{9B1145E1-9B31-499A-9EB6-2958714E3D5E}.Debug|Any CPU.ActiveCfg = Debug|Any CPU
		{9B1145E1-9B31-499A-9EB6-2958714E3D5E}.Debug|Any CPU.Build.0 = Debug|Any CPU
		{9B1145E1-9B31-499A-9EB6-2958714E3D5E}.Release|Any CPU.ActiveCfg = Release|Any CPU
		{9B1145E1-9B31-499A-9EB6-2958714E3D5E}.Release|Any CPU.Build.0 = Release|Any CPU
		{32ECB936-8AAD-4364-B30A-05E2071E44F7}.Debug|Any CPU.ActiveCfg = Debug|Any CPU
		{32ECB936-8AAD-4364-B30A-05E2071E44F7}.Debug|Any CPU.Build.0 = Debug|Any CPU
		{32ECB936-8AAD-4364-B30A-05E2071E44F7}.Release|Any CPU.ActiveCfg = Release|Any CPU
		{32ECB936-8AAD-4364-B30A-05E2071E44F7}.Release|Any CPU.Build.0 = Release|Any CPU
		{B57E1D98-1C68-4C69-BC1A-F250BE8801F9}.Debug|Any CPU.ActiveCfg = Debug|Any CPU
		{B57E1D98-1C68-4C69-BC1A-F250BE8801F9}.Debug|Any CPU.Build.0 = Debug|Any CPU
		{B57E1D98-1C68-4C69-BC1A-F250BE8801F9}.Release|Any CPU.ActiveCfg = Release|Any CPU
		{B57E1D98-1C68-4C69-BC1A-F250BE8801F9}.Release|Any CPU.Build.0 = Release|Any CPU
		{16B0EAEE-69D7-452B-92BC-8785EF375E50}.Debug|Any CPU.ActiveCfg = Debug|Any CPU
		{16B0EAEE-69D7-452B-92BC-8785EF375E50}.Debug|Any CPU.Build.0 = Debug|Any CPU
		{16B0EAEE-69D7-452B-92BC-8785EF375E50}.Release|Any CPU.ActiveCfg = Release|Any CPU
		{16B0EAEE-69D7-452B-92BC-8785EF375E50}.Release|Any CPU.Build.0 = Release|Any CPU
	EndGlobalSection
	GlobalSection(SolutionProperties) = preSolution
		HideSolutionNode = FALSE
	EndGlobalSection
	GlobalSection(NestedProjects) = preSolution
		{32ECB936-8AAD-4364-B30A-05E2071E44F7} = {833FC5E6-6DDC-43A6-8F02-7C527CD8B244}
		{B57E1D98-1C68-4C69-BC1A-F250BE8801F9} = {833FC5E6-6DDC-43A6-8F02-7C527CD8B244}
		{16B0EAEE-69D7-452B-92BC-8785EF375E50} = {C754C90E-0235-4FCC-A25C-9D3A844DF3CB}
	EndGlobalSection
	GlobalSection(ExtensibilityGlobals) = postSolution
		SolutionGuid = {10F16A29-EDC6-4285-B0B7-BCA961D77EFE}
	EndGlobalSection
EndGlobal
